
Microsoft Visual Studio Solution File, Format Version 12.00
# Visual Studio Version 16
VisualStudioVersion = 16.0.32602.291
MinimumVisualStudioVersion = 10.0.40219.1
Project("{FAE04EC0-301F-11D3-BF4B-00C04F79EFBC}") = "Upload image in DB2", "Upload image in DB2\Upload image in DB2.csproj", "{670EDE30-34F5-4A34-8D5B-E3B584F74AFD}"
EndProject
Global
	GlobalSection(SolutionConfigurationPlatforms) = preSolution
		Debug|Any CPU = Debug|Any CPU
		Release|Any CPU = Release|Any CPU
	EndGlobalSection
	GlobalSection(ProjectConfigurationPlatforms) = postSolution
		{670EDE30-34F5-4A34-8D5B-E3B584F74AFD}.Debug|Any CPU.ActiveCfg = Debug|Any CPU
		{670EDE30-34F5-4A34-8D5B-E3B584F74AFD}.Debug|Any CPU.Build.0 = Debug|Any CPU
		{670EDE30-34F5-4A34-8D5B-E3B584F74AFD}.Release|Any CPU.ActiveCfg = Release|Any CPU
		{670EDE30-34F5-4A34-8D5B-E3B584F74AFD}.Release|Any CPU.Build.0 = Release|Any CPU
	EndGlobalSection
	GlobalSection(SolutionProperties) = preSolution
		HideSolutionNode = FALSE
	EndGlobalSection
	GlobalSection(ExtensibilityGlobals) = postSolution
		SolutionGuid = {AB19CAAA-6AAF-45A1-99B0-8BE923DE9B8A}
	EndGlobalSection
EndGlobal
